
Microsoft Visual Studio Solution File, Format Version 12.00
# Visual Studio Version 16
VisualStudioVersion = 16.0.31205.134
MinimumVisualStudioVersion = 10.0.40219.1
Project("{FAE04EC0-301F-11D3-BF4B-00C04F79EFBC}") = "ConnectArduino_Base", "ConnectArduino_Base\ConnectArduino_Base.csproj", "{EA4AA246-EF81-4E5C-ADCA-F74365597EF4}"
EndProject
Global
	GlobalSection(SolutionConfigurationPlatforms) = preSolution
		Debug|Any CPU = Debug|Any CPU
		Release|Any CPU = Release|Any CPU
	EndGlobalSection
	GlobalSection(ProjectConfigurationPlatforms) = postSolution
		{EA4AA246-EF81-4E5C-ADCA-F74365597EF4}.Debug|Any CPU.ActiveCfg = Debug|Any CPU
		{EA4AA246-EF81-4E5C-ADCA-F74365597EF4}.Debug|Any CPU.Build.0 = Debug|Any CPU
		{EA4AA246-EF81-4E5C-ADCA-F74365597EF4}.Release|Any CPU.ActiveCfg = Release|Any CPU
		{EA4AA246-EF81-4E5C-ADCA-F74365597EF4}.Release|Any CPU.Build.0 = Release|Any CPU
	EndGlobalSection
	GlobalSection(SolutionProperties) = preSolution
		HideSolutionNode = FALSE
	EndGlobalSection
	GlobalSection(ExtensibilityGlobals) = postSolution
		SolutionGuid = {87F6FC44-C53D-4D0A-B85C-94C39F8E90B0}
	EndGlobalSection
EndGlobal
